<?xml version="1.0" encoding="utf-8"?>
<Project ToolsVersion="4.0" xmlns="http://schemas.microsoft.com/developer/msbuild/2003">
  <ItemGroup>
    <Filter Include="Source Files">
      <UniqueIdentifier>{4FC737F1-C7A5-4376-A066-2A32D752A2FF}</UniqueIdentifier>
      <Extensions>cpp;c;cc;cxx;def;odl;idl;hpj;bat;asm;asmx</Extensions>
    </Filter>
    <Filter Include="Resource Files">
      <UniqueIdentifier>{67DA6AB6-F800-4c08-8B7A-83BB121AAD01}</UniqueIdentifier>
      <Extensions>rc;ico;cur;bmp;dlg;rc2;rct;bin;rgs;gif;jpg;jpeg;jpe;resx;tiff;tif;png;wav;mfcribbon-ms</Extensions>
    </Filter>
    <Filter Include="Shaders">
      <UniqueIdentifier>{3bdebd71-0778-418e-ba6e-9fdeb83d1c81}</UniqueIdentifier>
    </Filter>
    <Filter Include="Source Files\Components">
      <UniqueIdentifier>{a2e7b4a1-c340-4a4d-b7c4-2de26ebafa5d}</UniqueIdentifier>
    </Filter>
  </ItemGroup>
  <ItemGroup>
    <ClInclude Include="Source\framework.h">
      <Filter>Source Files</Filter>
    </ClInclude>
    <ClInclude Include="Source\Resource.h">
      <Filter>Source Files</Filter>
    </ClInclude>
    <ClInclude Include="Source\targetver.h">
      <Filter>Source Files</Filter>
    </ClInclude>
    <ClInclude Include="Source\game.h">
      <Filter>Source Files</Filter>
    </ClInclude>
    <ClInclude Include="Source\stdafx.h">
      <Filter>Source Files</Filter>
    </ClInclude>
    <ClInclude Include="Source\Components\PointLight.h">
      <Filter>Source Files</Filter>
    </ClInclude>
    <ClInclude Include="Source\Components\followCam.h">
      <Filter>Source Files\Components</Filter>
    </ClInclude>
    <ClInclude Include="Source\Components\player.h">
      <Filter>Source Files\Components</Filter>
    </ClInclude>
    <ClInclude Include="Engine\Character.h">
      <Filter>Source Files\Components</Filter>
    </ClInclude>
    <ClInclude Include="..\external\SDL\include\SDL\begin_code.h">
      <Filter>Resource Files</Filter>
    </ClInclude>
    <ClInclude Include="..\external\SDL\include\SDL\close_code.h">
      <Filter>Resource Files</Filter>
    </ClInclude>
    <ClInclude Include="..\external\SDL\include\SDL\SDL.h">
      <Filter>Resource Files</Filter>
    </ClInclude>
    <ClInclude Include="..\external\SDL\include\SDL\SDL_assert.h">
      <Filter>Resource Files</Filter>
    </ClInclude>
    <ClInclude Include="..\external\SDL\include\SDL\SDL_atomic.h">
      <Filter>Resource Files</Filter>
    </ClInclude>
    <ClInclude Include="..\external\SDL\include\SDL\SDL_audio.h">
      <Filter>Resource Files</Filter>
    </ClInclude>
    <ClInclude Include="..\external\SDL\include\SDL\SDL_bits.h">
      <Filter>Resource Files</Filter>
    </ClInclude>
    <ClInclude Include="..\external\SDL\include\SDL\SDL_blendmode.h">
      <Filter>Resource Files</Filter>
    </ClInclude>
    <ClInclude Include="..\external\SDL\include\SDL\SDL_clipboard.h">
      <Filter>Resource Files</Filter>
    </ClInclude>
    <ClInclude Include="..\external\SDL\include\SDL\SDL_config.h">
      <Filter>Resource Files</Filter>
    </ClInclude>
    <ClInclude Include="..\external\SDL\include\SDL\SDL_cpuinfo.h">
      <Filter>Resource Files</Filter>
    </ClInclude>
    <ClInclude Include="..\external\SDL\include\SDL\SDL_egl.h">
      <Filter>Resource Files</Filter>
    </ClInclude>
    <ClInclude Include="..\external\SDL\include\SDL\SDL_endian.h">
      <Filter>Resource Files</Filter>
    </ClInclude>
    <ClInclude Include="..\external\SDL\include\SDL\SDL_error.h">
      <Filter>Resource Files</Filter>
    </ClInclude>
    <ClInclude Include="..\external\SDL\include\SDL\SDL_events.h">
      <Filter>Resource Files</Filter>
    </ClInclude>
    <ClInclude Include="..\external\SDL\include\SDL\SDL_filesystem.h">
      <Filter>Resource Files</Filter>
    </ClInclude>
    <ClInclude Include="..\external\SDL\include\SDL\SDL_gamecontroller.h">
      <Filter>Resource Files</Filter>
    </ClInclude>
    <ClInclude Include="..\external\SDL\include\SDL\SDL_gesture.h">
      <Filter>Resource Files</Filter>
    </ClInclude>
    <ClInclude Include="..\external\SDL\include\SDL\SDL_haptic.h">
      <Filter>Resource Files</Filter>
    </ClInclude>
    <ClInclude Include="..\external\SDL\include\SDL\SDL_hints.h">
      <Filter>Resource Files</Filter>
    </ClInclude>
    <ClInclude Include="..\external\SDL\include\SDL\SDL_image.h">
      <Filter>Resource Files</Filter>
    </ClInclude>
    <ClInclude Include="..\external\SDL\include\SDL\SDL_joystick.h">
      <Filter>Resource Files</Filter>
    </ClInclude>
    <ClInclude Include="..\external\SDL\include\SDL\SDL_keyboard.h">
      <Filter>Resource Files</Filter>
    </ClInclude>
    <ClInclude Include="..\external\SDL\include\SDL\SDL_keycode.h">
      <Filter>Resource Files</Filter>
    </ClInclude>
    <ClInclude Include="..\external\SDL\include\SDL\SDL_loadso.h">
      <Filter>Resource Files</Filter>
    </ClInclude>
    <ClInclude Include="..\external\SDL\include\SDL\SDL_log.h">
      <Filter>Resource Files</Filter>
    </ClInclude>
    <ClInclude Include="..\external\SDL\include\SDL\SDL_main.h">
      <Filter>Resource Files</Filter>
    </ClInclude>
    <ClInclude Include="..\external\SDL\include\SDL\SDL_messagebox.h">
      <Filter>Resource Files</Filter>
    </ClInclude>
    <ClInclude Include="..\external\SDL\include\SDL\SDL_mixer.h">
      <Filter>Resource Files</Filter>
    </ClInclude>
    <ClInclude Include="..\external\SDL\include\SDL\SDL_mouse.h">
      <Filter>Resource Files</Filter>
    </ClInclude>
    <ClInclude Include="..\external\SDL\include\SDL\SDL_mutex.h">
      <Filter>Resource Files</Filter>
    </ClInclude>
    <ClInclude Include="..\external\SDL\include\SDL\SDL_name.h">
      <Filter>Resource Files</Filter>
    </ClInclude>
    <ClInclude Include="..\external\SDL\include\SDL\SDL_opengl.h">
      <Filter>Resource Files</Filter>
    </ClInclude>
    <ClInclude Include="..\external\SDL\include\SDL\SDL_opengl_glext.h">
      <Filter>Resource Files</Filter>
    </ClInclude>
    <ClInclude Include="..\external\SDL\include\SDL\SDL_opengles.h">
      <Filter>Resource Files</Filter>
    </ClInclude>
    <ClInclude Include="..\external\SDL\include\SDL\SDL_opengles2.h">
      <Filter>Resource Files</Filter>
    </ClInclude>
    <ClInclude Include="..\external\SDL\include\SDL\SDL_opengles2_gl2.h">
      <Filter>Resource Files</Filter>
    </ClInclude>
    <ClInclude Include="..\external\SDL\include\SDL\SDL_opengles2_gl2ext.h">
      <Filter>Resource Files</Filter>
    </ClInclude>
    <ClInclude Include="..\external\SDL\include\SDL\SDL_opengles2_gl2platform.h">
      <Filter>Resource Files</Filter>
    </ClInclude>
    <ClInclude Include="..\external\SDL\include\SDL\SDL_opengles2_khrplatform.h">
      <Filter>Resource Files</Filter>
    </ClInclude>
    <ClInclude Include="..\external\SDL\include\SDL\SDL_pixels.h">
      <Filter>Resource Files</Filter>
    </ClInclude>
    <ClInclude Include="..\external\SDL\include\SDL\SDL_platform.h">
      <Filter>Resource Files</Filter>
    </ClInclude>
    <ClInclude Include="..\external\SDL\include\SDL\SDL_power.h">
      <Filter>Resource Files</Filter>
    </ClInclude>
    <ClInclude Include="..\external\SDL\include\SDL\SDL_quit.h">
      <Filter>Resource Files</Filter>
    </ClInclude>
    <ClInclude Include="..\external\SDL\include\SDL\SDL_rect.h">
      <Filter>Resource Files</Filter>
    </ClInclude>
    <ClInclude Include="..\external\SDL\include\SDL\SDL_render.h">
      <Filter>Resource Files</Filter>
    </ClInclude>
    <ClInclude Include="..\external\SDL\include\SDL\SDL_revision.h">
      <Filter>Resource Files</Filter>
    </ClInclude>
    <ClInclude Include="..\external\SDL\include\SDL\SDL_rwops.h">
      <Filter>Resource Files</Filter>
    </ClInclude>
    <ClInclude Include="..\external\SDL\include\SDL\SDL_scancode.h">
      <Filter>Resource Files</Filter>
    </ClInclude>
    <ClInclude Include="..\external\SDL\include\SDL\SDL_shape.h">
      <Filter>Resource Files</Filter>
    </ClInclude>
    <ClInclude Include="..\external\SDL\include\SDL\SDL_stdinc.h">
      <Filter>Resource Files</Filter>
    </ClInclude>
    <ClInclude Include="..\external\SDL\include\SDL\SDL_surface.h">
      <Filter>Resource Files</Filter>
    </ClInclude>
    <ClInclude Include="..\external\SDL\include\SDL\SDL_system.h">
      <Filter>Resource Files</Filter>
    </ClInclude>
    <ClInclude Include="..\external\SDL\include\SDL\SDL_syswm.h">
      <Filter>Resource Files</Filter>
    </ClInclude>
    <ClInclude Include="..\external\SDL\include\SDL\SDL_test.h">
      <Filter>Resource Files</Filter>
    </ClInclude>
    <ClInclude Include="..\external\SDL\include\SDL\SDL_test_assert.h">
      <Filter>Resource Files</Filter>
    </ClInclude>
    <ClInclude Include="..\external\SDL\include\SDL\SDL_test_common.h">
      <Filter>Resource Files</Filter>
    </ClInclude>
    <ClInclude Include="..\external\SDL\include\SDL\SDL_test_compare.h">
      <Filter>Resource Files</Filter>
    </ClInclude>
    <ClInclude Include="..\external\SDL\include\SDL\SDL_test_crc32.h">
      <Filter>Resource Files</Filter>
    </ClInclude>
    <ClInclude Include="..\external\SDL\include\SDL\SDL_test_font.h">
      <Filter>Resource Files</Filter>
    </ClInclude>
    <ClInclude Include="..\external\SDL\include\SDL\SDL_test_fuzzer.h">
      <Filter>Resource Files</Filter>
    </ClInclude>
    <ClInclude Include="..\external\SDL\include\SDL\SDL_test_harness.h">
      <Filter>Resource Files</Filter>
    </ClInclude>
    <ClInclude Include="..\external\SDL\include\SDL\SDL_test_images.h">
      <Filter>Resource Files</Filter>
    </ClInclude>
    <ClInclude Include="..\external\SDL\include\SDL\SDL_test_log.h">
      <Filter>Resource Files</Filter>
    </ClInclude>
    <ClInclude Include="..\external\SDL\include\SDL\SDL_test_md5.h">
      <Filter>Resource Files</Filter>
    </ClInclude>
    <ClInclude Include="..\external\SDL\include\SDL\SDL_test_random.h">
      <Filter>Resource Files</Filter>
    </ClInclude>
    <ClInclude Include="..\external\SDL\include\SDL\SDL_thread.h">
      <Filter>Resource Files</Filter>
    </ClInclude>
    <ClInclude Include="..\external\SDL\include\SDL\SDL_timer.h">
      <Filter>Resource Files</Filter>
    </ClInclude>
    <ClInclude Include="..\external\SDL\include\SDL\SDL_touch.h">
      <Filter>Resource Files</Filter>
    </ClInclude>
    <ClInclude Include="..\external\SDL\include\SDL\SDL_ttf.h">
      <Filter>Resource Files</Filter>
    </ClInclude>
    <ClInclude Include="..\external\SDL\include\SDL\SDL_types.h">
      <Filter>Resource Files</Filter>
    </ClInclude>
    <ClInclude Include="..\external\SDL\include\SDL\SDL_version.h">
      <Filter>Resource Files</Filter>
    </ClInclude>
    <ClInclude Include="..\external\SDL\include\SDL\SDL_video.h">
      <Filter>Resource Files</Filter>
    </ClInclude>
  </ItemGroup>
  <ItemGroup>
    <Image Include="Source\small.ico">
      <Filter>Resource Files</Filter>
    </Image>
    <Image Include="Source\Game.ico">
      <Filter>Resource Files</Filter>
    </Image>
  </ItemGroup>
  <ItemGroup>
    <ClCompile Include="Source\game.cpp">
      <Filter>Source Files</Filter>
    </ClCompile>
    <ClCompile Include="Source\main.cpp">
      <Filter>Source Files</Filter>
    </ClCompile>
    <ClCompile Include="Source\stdafx.cpp">
      <Filter>Source Files</Filter>
    </ClCompile>
    <ClCompile Include="Source\Components\PointLight.cpp">
      <Filter>Source Files</Filter>
    </ClCompile>
    <ClCompile Include="Source\Components\followCam.cpp">
      <Filter>Source Files\Components</Filter>
    </ClCompile>
    <ClCompile Include="Source\Components\player.cpp">
      <Filter>Source Files\Components</Filter>
    </ClCompile>
    <ClCompile Include="Engine\Character.cpp">
      <Filter>Source Files\Components</Filter>
    </ClCompile>
  </ItemGroup>
  <ItemGroup>
    <FxCompile Include="Shaders\Constants.hlsl">
      <Filter>Shaders</Filter>
    </FxCompile>
    <FxCompile Include="Shaders\Simple.hlsl">
      <Filter>Shaders</Filter>
    </FxCompile>
    <FxCompile Include="Shaders\Mesh.hlsl">
      <Filter>Shaders</Filter>
    </FxCompile>
    <FxCompile Include="Shaders\BasicMesh.hlsl">
      <Filter>Shaders</Filter>
    </FxCompile>
    <FxCompile Include="Shaders\Phong.hlsl">
      <Filter>Shaders</Filter>
    </FxCompile>
    <FxCompile Include="Shaders\Unlit.hlsl">
      <Filter>Shaders</Filter>
    </FxCompile>
    <FxCompile Include="Shaders\Skinned.hlsl">
      <Filter>Shaders</Filter>
    </FxCompile>
    <FxCompile Include="Shaders\Normal.hlsl">
      <Filter>Shaders</Filter>
    </FxCompile>
    <FxCompile Include="Shaders\Copy.hlsl">
      <Filter>Shaders</Filter>
    </FxCompile>
    <FxCompile Include="Shaders\BloomMask.hlsl">
      <Filter>Shaders</Filter>
    </FxCompile>
    <FxCompile Include="Shaders\Horizontal.hlsl">
      <Filter>Shaders</Filter>
    </FxCompile>
    <FxCompile Include="Shaders\Vertical.hlsl">
      <Filter>Shaders</Filter>
    </FxCompile>
    <FxCompile Include="Shaders\TreeQuad.hlsl">
      <Filter>Shaders</Filter>
    </FxCompile>
    <FxCompile Include="Shaders\GeometryQuad.hlsl">
      <Filter>Shaders</Filter>
    </FxCompile>
    <FxCompile Include="Shaders\Lighting.hlsl">
      <Filter>Shaders</Filter>
    </FxCompile>
    <FxCompile Include="Shaders\Lighting2.hlsl">
      <Filter>Shaders</Filter>
    </FxCompile>
  </ItemGroup>
  <ItemGroup>
    <ResourceCompile Include="Source\Game.rc">
      <Filter>Resource Files</Filter>
    </ResourceCompile>
  </ItemGroup>
</Project>